# THIS IS AN AUTOGENERATED FILE. DO NOT EDIT THIS FILE DIRECTLY.
# yarn lockfile v1


wade@^0.3.3:
  version "0.3.3"
  resolved "https://registry.yarnpkg.com/wade/-/wade-0.3.3.tgz#0b3099d67646336706224b4122dd286a4f4d2ce2"
  integrity sha512-2yF3cqtXqZsoUZjrVBdZVwcEZtZ8OHYr0605YaW8nl2RcdU04H+9IWQahvnzY2osoqGpXcYld6X/qbFjyWkLGw==
